
Microsoft Visual Studio Solution File, Format Version 12.00
# Visual Studio Version 17
VisualStudioVersion = 17.3.32929.385
MinimumVisualStudioVersion = 10.0.40219.1
Project("{FAE04EC0-301F-11D3-BF4B-00C04F79EFBC}") = "CSharp_Challenges", "CSharp_Challenges\CSharp_Challenges.csproj", "{5E7618D2-884E-42B4-BA31-EFFF69039796}"
EndProject
Global
	GlobalSection(SolutionConfigurationPlatforms) = preSolution
		Debug|Any CPU = Debug|Any CPU
		Release|Any CPU = Release|Any CPU
	EndGlobalSection
	GlobalSection(ProjectConfigurationPlatforms) = postSolution
		{5E7618D2-884E-42B4-BA31-EFFF69039796}.Debug|Any CPU.ActiveCfg = Debug|Any CPU
		{5E7618D2-884E-42B4-BA31-EFFF69039796}.Debug|Any CPU.Build.0 = Debug|Any CPU
		{5E7618D2-884E-42B4-BA31-EFFF69039796}.Release|Any CPU.ActiveCfg = Release|Any CPU
		{5E7618D2-884E-42B4-BA31-EFFF69039796}.Release|Any CPU.Build.0 = Release|Any CPU
	EndGlobalSection
	GlobalSection(SolutionProperties) = preSolution
		HideSolutionNode = FALSE
	EndGlobalSection
	GlobalSection(ExtensibilityGlobals) = postSolution
		SolutionGuid = {03B36AAB-A5FF-4532-ADA8-74F3A1538900}
	EndGlobalSection
EndGlobal
